// !$*UTF8*$!
{
	archiveVersion = 1;
	classes = {
	};
	objectVersion = 56;
	objects = {

/* Begin PBXBuildFile section */
		758CFF8329A7594D00BDE4DA /* AppDelegate.swift in Sources */ = {isa = PBXBuildFile; fileRef = 758CFF8229A7594D00BDE4DA /* AppDelegate.swift */; };
		758CFF8529A7594D00BDE4DA /* SceneDelegate.swift in Sources */ = {isa = PBXBuildFile; fileRef = 758CFF8429A7594D00BDE4DA /* SceneDelegate.swift */; };
		758CFF8729A7594D00BDE4DA /* RestaurantTableViewController.swift in Sources */ = {isa = PBXBuildFile; fileRef = 758CFF8629A7594D00BDE4DA /* RestaurantTableViewController.swift */; };
		758CFF8A29A7594D00BDE4DA /* Main.storyboard in Resources */ = {isa = PBXBuildFile; fileRef = 758CFF8829A7594D00BDE4DA /* Main.storyboard */; };
		758CFF8C29A7594F00BDE4DA /* Assets.xcassets in Resources */ = {isa = PBXBuildFile; fileRef = 758CFF8B29A7594F00BDE4DA /* Assets.xcassets */; };
		758CFF8F29A7594F00BDE4DA /* LaunchScreen.storyboard in Resources */ = {isa = PBXBuildFile; fileRef = 758CFF8D29A7594F00BDE4DA /* LaunchScreen.storyboard */; };
		758CFF9729A76A9E00BDE4DA /* RestaurantTableViewCell.swift in Sources */ = {isa = PBXBuildFile; fileRef = 758CFF9629A76A9D00BDE4DA /* RestaurantTableViewCell.swift */; };
		75CF3E2029AB68CB00D59F19 /* RestaurantDetailsViewController.swift in Sources */ = {isa = PBXBuildFile; fileRef = 75CF3E1F29AB68CB00D59F19 /* RestaurantDetailsViewController.swift */; };
/* End PBXBuildFile section */

/* Begin PBXFileReference section */
		758CFF7F29A7594D00BDE4DA /* Resto.app */ = {isa = PBXFileReference; explicitFileType = wrapper.application; includeInIndex = 0; path = Resto.app; sourceTree = BUILT_PRODUCTS_DIR; };
		758CFF8229A7594D00BDE4DA /* AppDelegate.swift */ = {isa = PBXFileReference; lastKnownFileType = sourcecode.swift; path = AppDelegate.swift; sourceTree = "<group>"; };
		758CFF8429A7594D00BDE4DA /* SceneDelegate.swift */ = {isa = PBXFileReference; lastKnownFileType = sourcecode.swift; path = SceneDelegate.swift; sourceTree = "<group>"; };
		758CFF8629A7594D00BDE4DA /* RestaurantTableViewController.swift */ = {isa = PBXFileReference; lastKnownFileType = sourcecode.swift; path = RestaurantTableViewController.swift; sourceTree = "<group>"; };
		758CFF8929A7594D00BDE4DA /* Base */ = {isa = PBXFileReference; lastKnownFileType = file.storyboard; name = Base; path = Base.lproj/Main.storyboard; sourceTree = "<group>"; };
		758CFF8B29A7594F00BDE4DA /* Assets.xcassets */ = {isa = PBXFileReference; lastKnownFileType = folder.assetcatalog; path = Assets.xcassets; sourceTree = "<group>"; };
		758CFF8E29A7594F00BDE4DA /* Base */ = {isa = PBXFileReference; lastKnownFileType = file.storyboard; name = Base; path = Base.lproj/LaunchScreen.storyboard; sourceTree = "<group>"; };
		758CFF9029A7594F00BDE4DA /* Info.plist */ = {isa = PBXFileReference; lastKnownFileType = text.plist.xml; path = Info.plist; sourceTree = "<group>"; };
		758CFF9629A76A9D00BDE4DA /* RestaurantTableViewCell.swift */ = {isa = PBXFileReference; lastKnownFileType = sourcecode.swift; path = RestaurantTableViewCell.swift; sourceTree = "<group>"; };
		75CF3E1F29AB68CB00D59F19 /* RestaurantDetailsViewController.swift */ = {isa = PBXFileReference; lastKnownFileType = sourcecode.swift; path = RestaurantDetailsViewController.swift; sourceTree = "<group>"; };
/* End PBXFileReference section */

/* Begin PBXFrameworksBuildPhase section */
		758CFF7C29A7594D00BDE4DA /* Frameworks */ = {
			isa = PBXFrameworksBuildPhase;
			buildActionMask = 2147483647;
			files = (
			);
			runOnlyForDeploymentPostprocessing = 0;
		};
/* End PBXFrameworksBuildPhase section */

/* Begin PBXGroup section */
		758CFF7629A7594D00BDE4DA = {
			isa = PBXGroup;
			children = (
				758CFF8129A7594D00BDE4DA /* Resto */,
				758CFF8029A7594D00BDE4DA /* Products */,
			);
			sourceTree = "<group>";
		};
		758CFF8029A7594D00BDE4DA /* Products */ = {
			isa = PBXGroup;
			children = (
				758CFF7F29A7594D00BDE4DA /* Resto.app */,
			);
			name = Products;
			sourceTree = "<group>";
		};
		758CFF8129A7594D00BDE4DA /* Resto */ = {
			isa = PBXGroup;
			children = (
				758CFF8229A7594D00BDE4DA /* AppDelegate.swift */,
				758CFF8429A7594D00BDE4DA /* SceneDelegate.swift */,
				758CFF8629A7594D00BDE4DA /* RestaurantTableViewController.swift */,
				758CFF9629A76A9D00BDE4DA /* RestaurantTableViewCell.swift */,
				758CFF8829A7594D00BDE4DA /* Main.storyboard */,
				758CFF8B29A7594F00BDE4DA /* Assets.xcassets */,
				758CFF8D29A7594F00BDE4DA /* LaunchScreen.storyboard */,
				758CFF9029A7594F00BDE4DA /* Info.plist */,
				75CF3E1F29AB68CB00D59F19 /* RestaurantDetailsViewController.swift */,
			);
			path = Resto;
			sourceTree = "<group>";
		};
/* End PBXGroup section */

/* Begin PBXNativeTarget section */
		758CFF7E29A7594D00BDE4DA /* Resto */ = {
			isa = PBXNativeTarget;
			buildConfigurationList = 758CFF9329A7594F00BDE4DA /* Build configuration list for PBXNativeTarget "Resto" */;
			buildPhases = (
				758CFF7B29A7594D00BDE4DA /* Sources */,
				758CFF7C29A7594D00BDE4DA /* Frameworks */,
				758CFF7D29A7594D00BDE4DA /* Resources */,
			);
			buildRules = (
			);
			dependencies = (
			);
			name = Resto;
			productName = Resto;
			productReference = 758CFF7F29A7594D00BDE4DA /* Resto.app */;
			productType = "com.apple.product-type.application";
		};
/* End PBXNativeTarget section */

/* Begin PBXProject section */
		758CFF7729A7594D00BDE4DA /* Project object */ = {
			isa = PBXProject;
			attributes = {
				BuildIndependentTargetsInParallel = 1;
				LastSwiftUpdateCheck = 1420;
				LastUpgradeCheck = 1420;
				TargetAttributes = {
					758CFF7E29A7594D00BDE4DA = {
						CreatedOnToolsVersion = 14.2;
					};
				};
			};
			buildConfigurationList = 758CFF7A29A7594D00BDE4DA /* Build configuration list for PBXProject "Resto" */;
			compatibilityVersion = "Xcode 14.0";
			developmentRegion = en;
			hasScannedForEncodings = 0;
			knownRegions = (
				en,
				Base,
			);
			mainGroup = 758CFF7629A7594D00BDE4DA;
			productRefGroup = 758CFF8029A7594D00BDE4DA /* Products */;
			projectDirPath = "";
			projectRoot = "";
			targets = (
				758CFF7E29A7594D00BDE4DA /* Resto */,
			);
		};
/* End PBXProject section */

/* Begin PBXResourcesBuildPhase section */
		758CFF7D29A7594D00BDE4DA /* Resources */ = {
			isa = PBXResourcesBuildPhase;
			buildActionMask = 2147483647;
			files = (
				758CFF8F29A7594F00BDE4DA /* LaunchScreen.storyboard in Resources */,
				758CFF8C29A7594F00BDE4DA /* Assets.xcassets in Resources */,
				758CFF8A29A7594D00BDE4DA /* Main.storyboard in Resources */,
			);
			runOnlyForDeploymentPostprocessing = 0;
		};
/* End PBXResourcesBuildPhase section */

/* Begin PBXSourcesBuildPhase section */
		758CFF7B29A7594D00BDE4DA /* Sources */ = {
			isa = PBXSourcesBuildPhase;
			buildActionMask = 2147483647;
			files = (
				758CFF9729A76A9E00BDE4DA /* RestaurantTableViewCell.swift in Sources */,
				75CF3E2029AB68CB00D59F19 /* RestaurantDetailsViewController.swift in Sources */,
				758CFF8729A7594D00BDE4DA /* RestaurantTableViewController.swift in Sources */,
				758CFF8329A7594D00BDE4DA /* AppDelegate.swift in Sources */,
				758CFF8529A7594D00BDE4DA /* SceneDelegate.swift in Sources */,
			);
			runOnlyForDeploymentPostprocessing = 0;
		};
/* End PBXSourcesBuildPhase section */

/* Begin PBXVariantGroup section */
		758CFF8829A7594D00BDE4DA /* Main.storyboard */ = {
			isa = PBXVariantGroup;
			children = (
				758CFF8929A7594D00BDE4DA /* Base */,
			);
			name = Main.storyboard;
			sourceTree = "<group>";
		};
		758CFF8D29A7594F00BDE4DA /* LaunchScreen.storyboard */ = {
			isa = PBXVariantGroup;
			children = (
				758CFF8E29A7594F00BDE4DA /* Base */,
			);
			name = LaunchScreen.storyboard;
			sourceTree = "<group>";
		};
/* End PBXVariantGroup section */

/* Begin XCBuildConfiguration section */
		758CFF9129A7594F00BDE4DA /* Debug */ = {
			isa = XCBuildConfiguration;
			buildSettings = {
				ALWAYS_SEARCH_USER_PATHS = NO;
				CLANG_ANALYZER_NONNULL = YES;
				CLANG_ANALYZER_NUMBER_OBJECT_CONVERSION = YES_AGGRESSIVE;
				CLANG_CXX_LANGUAGE_STANDARD = "gnu++20";
				CLANG_ENABLE_MODULES = YES;
				CLANG_ENABLE_OBJC_ARC = YES;
				CLANG_ENABLE_OBJC_WEAK = YES;
				CLANG_WARN_BLOCK_CAPTURE_AUTORELEASING = YES;
				CLANG_WARN_BOOL_CONVERSION = YES;
				CLANG_WARN_COMMA = YES;
				CLANG_WARN_CONSTANT_CONVERSION = YES;
				CLANG_WARN_DEPRECATED_OBJC_IMPLEMENTATIONS = YES;
				CLANG_WARN_DIRECT_OBJC_ISA_USAGE = YES_ERROR;
				CLANG_WARN_DOCUMENTATION_COMMENTS = YES;
				CLANG_WARN_EMPTY_BODY = YES;
				CLANG_WARN_ENUM_CONVERSION = YES;
				CLANG_WARN_INFINITE_RECURSION = YES;
				CLANG_WARN_INT_CONVERSION = YES;
				CLANG_WARN_NON_LITERAL_NULL_CONVERSION = YES;
				CLANG_WARN_OBJC_IMPLICIT_RETAIN_SELF = YES;
				CLANG_WARN_OBJC_LITERAL_CONVERSION = YES;
				CLANG_WARN_OBJC_ROOT_CLASS = YES_ERROR;
				CLANG_WARN_QUOTED_INCLUDE_IN_FRAMEWORK_HEADER = YES;
				CLANG_WARN_RANGE_LOOP_ANALYSIS = YES;
				CLANG_WARN_STRICT_PROTOTYPES = YES;
				CLANG_WARN_SUSPICIOUS_MOVE = YES;
				CLANG_WARN_UNGUARDED_AVAILABILITY = YES_AGGRESSIVE;
				CLANG_WARN_UNREACHABLE_CODE = YES;
				CLANG_WARN__DUPLICATE_METHOD_MATCH = YES;
				COPY_PHASE_STRIP = NO;
				DEBUG_INFORMATION_FORMAT = dwarf;
				ENABLE_STRICT_OBJC_MSGSEND = YES;
				ENABLE_TESTABILITY = YES;
				GCC_C_LANGUAGE_STANDARD = gnu11;
				GCC_DYNAMIC_NO_PIC = NO;
				GCC_NO_COMMON_BLOCKS = YES;
				GCC_OPTIMIZATION_LEVEL = 0;
				GCC_PREPROCESSOR_DEFINITIONS = (
					"DEBUG=1",
					"$(inherited)",
				);
				GCC_WARN_64_TO_32_BIT_CONVERSION = YES;
				GCC_WARN_ABOUT_RETURN_TYPE = YES_ERROR;
				GCC_WARN_UNDECLARED_SELECTOR = YES;
				GCC_WARN_UNINITIALIZED_AUTOS = YES_AGGRESSIVE;
				GCC_WARN_UNUSED_FUNCTION = YES;
				GCC_WARN_UNUSED_VARIABLE = YES;
				IPHONEOS_DEPLOYMENT_TARGET = 16.2;
				MTL_ENABLE_DEBUG_INFO = INCLUDE_SOURCE;
				MTL_FAST_MATH = YES;
				ONLY_ACTIVE_ARCH = YES;
				SDKROOT = iphoneos;
				SWIFT_ACTIVE_COMPILATION_CONDITIONS = DEBUG;
				SWIFT_OPTIMIZATION_LEVEL = "-Onone";
			};
			name = Debug;
		};
		758CFF9229A7594F00BDE4DA /* Release */ = {
			isa = XCBuildConfiguration;
			buildSettings = {
				ALWAYS_SEARCH_USER_PATHS = NO;
				CLANG_ANALYZER_NONNULL = YES;
				CLANG_ANALYZER_NUMBER_OBJECT_CONVERSION = YES_AGGRESSIVE;
				CLANG_CXX_LANGUAGE_STANDARD = "gnu++20";
				CLANG_ENABLE_MODULES = YES;
				CLANG_ENABLE_OBJC_ARC = YES;
				CLANG_ENABLE_OBJC_WEAK = YES;
				CLANG_WARN_BLOCK_CAPTURE_AUTORELEASING = YES;
				CLANG_WARN_BOOL_CONVERSION = YES;
				CLANG_WARN_COMMA = YES;
				CLANG_WARN_CONSTANT_CONVERSION = YES;
				CLANG_WARN_DEPRECATED_OBJC_IMPLEMENTATIONS = YES;
				CLANG_WARN_DIRECT_OBJC_ISA_USAGE = YES_ERROR;
				CLANG_WARN_DOCUMENTATION_COMMENTS = YES;
				CLANG_WARN_EMPTY_BODY = YES;
				CLANG_WARN_ENUM_CONVERSION = YES;
				CLANG_WARN_INFINITE_RECURSION = YES;
				CLANG_WARN_INT_CONVERSION = YES;
				CLANG_WARN_NON_LITERAL_NULL_CONVERSION = YES;
				CLANG_WARN_OBJC_IMPLICIT_RETAIN_SELF = YES;
				CLANG_WARN_OBJC_LITERAL_CONVERSION = YES;
				CLANG_WARN_OBJC_ROOT_CLASS = YES_ERROR;
				CLANG_WARN_QUOTED_INCLUDE_IN_FRAMEWORK_HEADER = YES;
				CLANG_WARN_RANGE_LOOP_ANALYSIS = YES;
				CLANG_WARN_STRICT_PROTOTYPES = YES;
				CLANG_WARN_SUSPICIOUS_MOVE = YES;
				CLANG_WARN_UNGUARDED_AVAILABILITY = YES_AGGRESSIVE;
				CLANG_WARN_UNREACHABLE_CODE = YES;
				CLANG_WARN__DUPLICATE_METHOD_MATCH = YES;
				COPY_PHASE_STRIP = NO;
				DEBUG_INFORMATION_FORMAT = "dwarf-with-dsym";
				ENABLE_NS_ASSERTIONS = NO;
				ENABLE_STRICT_OBJC_MSGSEND = YES;
				GCC_C_LANGUAGE_STANDARD = gnu11;
				GCC_NO_COMMON_BLOCKS = YES;
				GCC_WARN_64_TO_32_BIT_CONVERSION = YES;
				GCC_WARN_ABOUT_RETURN_TYPE = YES_ERROR;
				GCC_WARN_UNDECLARED_SELECTOR = YES;
				GCC_WARN_UNINITIALIZED_AUTOS = YES_AGGRESSIVE;
				GCC_WARN_UNUSED_FUNCTION = YES;
				GCC_WARN_UNUSED_VARIABLE = YES;
				IPHONEOS_DEPLOYMENT_TARGET = 16.2;
				MTL_ENABLE_DEBUG_INFO = NO;
				MTL_FAST_MATH = YES;
				SDKROOT = iphoneos;
				SWIFT_COMPILATION_MODE = wholemodule;
				SWIFT_OPTIMIZATION_LEVEL = "-O";
				VALIDATE_PRODUCT = YES;
			};
			name = Release;
		};
		758CFF9429A7594F00BDE4DA /* Debug */ = {
			isa = XCBuildConfiguration;
			buildSettings = {
				ASSETCATALOG_COMPILER_APPICON_NAME = AppIcon;
				ASSETCATALOG_COMPILER_GLOBAL_ACCENT_COLOR_NAME = AccentColor;
				CODE_SIGN_STYLE = Automatic;
				CURRENT_PROJECT_VERSION = 1;
				DEVELOPMENT_TEAM = D7LR6FL8D9;
				GENERATE_INFOPLIST_FILE = YES;
				INFOPLIST_FILE = Resto/Info.plist;
				INFOPLIST_KEY_UIApplicationSupportsIndirectInputEvents = YES;
				INFOPLIST_KEY_UILaunchStoryboardName = LaunchScreen;
				INFOPLIST_KEY_UIMainStoryboardFile = Main;
				INFOPLIST_KEY_UISupportedInterfaceOrientations_iPad = "UIInterfaceOrientationPortrait UIInterfaceOrientationPortraitUpsideDown UIInterfaceOrientationLandscapeLeft UIInterfaceOrientationLandscapeRight";
				INFOPLIST_KEY_UISupportedInterfaceOrientations_iPhone = "UIInterfaceOrientationPortrait UIInterfaceOrientationLandscapeLeft UIInterfaceOrientationLandscapeRight";
				LD_RUNPATH_SEARCH_PATHS = (
					"$(inherited)",
					"@executable_path/Frameworks",
				);
				MARKETING_VERSION = 1.0;
				PRODUCT_BUNDLE_IDENTIFIER = com.hrjymdl123.Resto;
				PRODUCT_NAME = "$(TARGET_NAME)";
				SWIFT_EMIT_LOC_STRINGS = YES;
				SWIFT_VERSION = 5.0;
				TARGETED_DEVICE_FAMILY = "1,2";
			};
			name = Debug;
		};
		758CFF9529A7594F00BDE4DA /* Release */ = {
			isa = XCBuildConfiguration;
			buildSettings = {
				ASSETCATALOG_COMPILER_APPICON_NAME = AppIcon;
				ASSETCATALOG_COMPILER_GLOBAL_ACCENT_COLOR_NAME = AccentColor;
				CODE_SIGN_STYLE = Automatic;
				CURRENT_PROJECT_VERSION = 1;
				DEVELOPMENT_TEAM = D7LR6FL8D9;
				GENERATE_INFOPLIST_FILE = YES;
				INFOPLIST_FILE = Resto/Info.plist;
				INFOPLIST_KEY_UIApplicationSupportsIndirectInputEvents = YES;
				INFOPLIST_KEY_UILaunchStoryboardName = LaunchScreen;
				INFOPLIST_KEY_UIMainStoryboardFile = Main;
				INFOPLIST_KEY_UISupportedInterfaceOrientations_iPad = "UIInterfaceOrientationPortrait UIInterfaceOrientationPortraitUpsideDown UIInterfaceOrientationLandscapeLeft UIInterfaceOrientationLandscapeRight";
				INFOPLIST_KEY_UISupportedInterfaceOrientations_iPhone = "UIInterfaceOrientationPortrait UIInterfaceOrientationLandscapeLeft UIInterfaceOrientationLandscapeRight";
				LD_RUNPATH_SEARCH_PATHS = (
					"$(inherited)",
					"@executable_path/Frameworks",
				);
				MARKETING_VERSION = 1.0;
				PRODUCT_BUNDLE_IDENTIFIER = com.hrjymdl123.Resto;
				PRODUCT_NAME = "$(TARGET_NAME)";
				SWIFT_EMIT_LOC_STRINGS = YES;
				SWIFT_VERSION = 5.0;
				TARGETED_DEVICE_FAMILY = "1,2";
			};
			name = Release;
		};
/* End XCBuildConfiguration section */

/* Begin XCConfigurationList section */
		758CFF7A29A7594D00BDE4DA /* Build configuration list for PBXProject "Resto" */ = {
			isa = XCConfigurationList;
			buildConfigurations = (
				758CFF9129A7594F00BDE4DA /* Debug */,
				758CFF9229A7594F00BDE4DA /* Release */,
			);
			defaultConfigurationIsVisible = 0;
			defaultConfigurationName = Release;
		};
		758CFF9329A7594F00BDE4DA /* Build configuration list for PBXNativeTarget "Resto" */ = {
			isa = XCConfigurationList;
			buildConfigurations = (
				758CFF9429A7594F00BDE4DA /* Debug */,
				758CFF9529A7594F00BDE4DA /* Release */,
			);
			defaultConfigurationIsVisible = 0;
			defaultConfigurationName = Release;
		};
/* End XCConfigurationList section */
	};
	rootObject = 758CFF7729A7594D00BDE4DA /* Project object */;
}
